
Microsoft Visual Studio Solution File, Format Version 12.00
# Visual Studio Version 16
VisualStudioVersion = 16.0.33927.289
MinimumVisualStudioVersion = 10.0.40219.1
Project("{8BC9CEB8-8B4A-11D0-8D11-00A0C91BC942}") = "T4E4", "T4E4\T4E4.vcxproj", "{6F137404-EA06-488C-BA7E-5E2BBEF7D0E3}"
EndProject
Global
	GlobalSection(SolutionConfigurationPlatforms) = preSolution
		Debug|x64 = Debug|x64
		Debug|x86 = Debug|x86
		Release|x64 = Release|x64
		Release|x86 = Release|x86
	EndGlobalSection
	GlobalSection(ProjectConfigurationPlatforms) = postSolution
		{6F137404-EA06-488C-BA7E-5E2BBEF7D0E3}.Debug|x64.ActiveCfg = Debug|x64
		{6F137404-EA06-488C-BA7E-5E2BBEF7D0E3}.Debug|x64.Build.0 = Debug|x64
		{6F137404-EA06-488C-BA7E-5E2BBEF7D0E3}.Debug|x86.ActiveCfg = Debug|Win32
		{6F137404-EA06-488C-BA7E-5E2BBEF7D0E3}.Debug|x86.Build.0 = Debug|Win32
		{6F137404-EA06-488C-BA7E-5E2BBEF7D0E3}.Release|x64.ActiveCfg = Release|x64
		{6F137404-EA06-488C-BA7E-5E2BBEF7D0E3}.Release|x64.Build.0 = Release|x64
		{6F137404-EA06-488C-BA7E-5E2BBEF7D0E3}.Release|x86.ActiveCfg = Release|Win32
		{6F137404-EA06-488C-BA7E-5E2BBEF7D0E3}.Release|x86.Build.0 = Release|Win32
	EndGlobalSection
	GlobalSection(SolutionProperties) = preSolution
		HideSolutionNode = FALSE
	EndGlobalSection
	GlobalSection(ExtensibilityGlobals) = postSolution
		SolutionGuid = {57E0346F-4079-4D7F-9000-324AF07A273A}
	EndGlobalSection
EndGlobal
